{
  "name": "google-input-search",
  "version": "0.0.1",
  "lockfileVersion": 1,
  "requires": true,
  "dependencies": {
    "@types/googlemaps": {
      "version": "3.39.6",
      "resolved": "https://registry.npmjs.org/@types/googlemaps/-/googlemaps-3.39.6.tgz",
      "integrity": "sha512-O2joRmShgUcGBSyjp0pYFIP0Kv3y6jl8UXokEkcTI4D8FinTYsSt8OaHGQ/tI7WUF2eZTXKVJg6jQuEQS4d30w==",
      "dev": true
    },
    "tslib": {
      "version": "1.13.0"
    }
  }
}
